
Microsoft Visual Studio Solution File, Format Version 12.00
# Visual Studio 2012
Project("{8BC9CEB8-8B4A-11D0-8D11-00A0C91BC942}") = "03-2", "03-2.vcxproj", "{023F00A8-037E-4EE9-BEA5-AFB27475DFDE}"
EndProject
Global
	GlobalSection(SolutionConfigurationPlatforms) = preSolution
		Debug|Win32 = Debug|Win32
		Release|Win32 = Release|Win32
	EndGlobalSection
	GlobalSection(ProjectConfigurationPlatforms) = postSolution
		{023F00A8-037E-4EE9-BEA5-AFB27475DFDE}.Debug|Win32.ActiveCfg = Debug|Win32
		{023F00A8-037E-4EE9-BEA5-AFB27475DFDE}.Debug|Win32.Build.0 = Debug|Win32
		{023F00A8-037E-4EE9-BEA5-AFB27475DFDE}.Release|Win32.ActiveCfg = Release|Win32
		{023F00A8-037E-4EE9-BEA5-AFB27475DFDE}.Release|Win32.Build.0 = Release|Win32
	EndGlobalSection
	GlobalSection(SolutionProperties) = preSolution
		HideSolutionNode = FALSE
	EndGlobalSection
EndGlobal
