
Microsoft Visual Studio Solution File, Format Version 12.00
# Visual Studio 2012
Project("{8BC9CEB8-8B4A-11D0-8D11-00A0C91BC942}") = "02-1", "02-1.vcxproj", "{D536AF1C-251C-4A01-BAF1-B49445AE13E2}"
EndProject
Global
	GlobalSection(SolutionConfigurationPlatforms) = preSolution
		Debug|Win32 = Debug|Win32
		Release|Win32 = Release|Win32
	EndGlobalSection
	GlobalSection(ProjectConfigurationPlatforms) = postSolution
		{D536AF1C-251C-4A01-BAF1-B49445AE13E2}.Debug|Win32.ActiveCfg = Debug|Win32
		{D536AF1C-251C-4A01-BAF1-B49445AE13E2}.Debug|Win32.Build.0 = Debug|Win32
		{D536AF1C-251C-4A01-BAF1-B49445AE13E2}.Release|Win32.ActiveCfg = Release|Win32
		{D536AF1C-251C-4A01-BAF1-B49445AE13E2}.Release|Win32.Build.0 = Release|Win32
	EndGlobalSection
	GlobalSection(SolutionProperties) = preSolution
		HideSolutionNode = FALSE
	EndGlobalSection
EndGlobal
