
Microsoft Visual Studio Solution File, Format Version 12.00
# Visual Studio 2012
Project("{8BC9CEB8-8B4A-11D0-8D11-00A0C91BC942}") = "03-2-2", "03-2-2.vcxproj", "{82D4075A-7220-40D9-B946-34D575B10E4F}"
EndProject
Global
	GlobalSection(SolutionConfigurationPlatforms) = preSolution
		Debug|Win32 = Debug|Win32
		Release|Win32 = Release|Win32
	EndGlobalSection
	GlobalSection(ProjectConfigurationPlatforms) = postSolution
		{82D4075A-7220-40D9-B946-34D575B10E4F}.Debug|Win32.ActiveCfg = Debug|Win32
		{82D4075A-7220-40D9-B946-34D575B10E4F}.Debug|Win32.Build.0 = Debug|Win32
		{82D4075A-7220-40D9-B946-34D575B10E4F}.Release|Win32.ActiveCfg = Release|Win32
		{82D4075A-7220-40D9-B946-34D575B10E4F}.Release|Win32.Build.0 = Release|Win32
	EndGlobalSection
	GlobalSection(SolutionProperties) = preSolution
		HideSolutionNode = FALSE
	EndGlobalSection
EndGlobal
