
Microsoft Visual Studio Solution File, Format Version 12.00
# Visual Studio 2012
Project("{8BC9CEB8-8B4A-11D0-8D11-00A0C91BC942}") = "01-4-1", "01-4-1.vcxproj", "{17156FD6-B381-4B48-A6AE-03B75880368B}"
EndProject
Global
	GlobalSection(SolutionConfigurationPlatforms) = preSolution
		Debug|Win32 = Debug|Win32
		Release|Win32 = Release|Win32
	EndGlobalSection
	GlobalSection(ProjectConfigurationPlatforms) = postSolution
		{17156FD6-B381-4B48-A6AE-03B75880368B}.Debug|Win32.ActiveCfg = Debug|Win32
		{17156FD6-B381-4B48-A6AE-03B75880368B}.Debug|Win32.Build.0 = Debug|Win32
		{17156FD6-B381-4B48-A6AE-03B75880368B}.Release|Win32.ActiveCfg = Release|Win32
		{17156FD6-B381-4B48-A6AE-03B75880368B}.Release|Win32.Build.0 = Release|Win32
	EndGlobalSection
	GlobalSection(SolutionProperties) = preSolution
		HideSolutionNode = FALSE
	EndGlobalSection
EndGlobal
